// !$*UTF8*$!
{
	archiveVersion = 1;
	classes = {
	};
	objectVersion = 50;
	objects = {

/* Begin PBXBuildFile section */
		99700CCC20DD30E300E8C48B /* settings_list.c in Sources */ = {isa = PBXBuildFile; fileRef = 99700CCA20DD30E300E8C48B /* settings_list.c */; };
		99700CCF20DD752B00E8C48B /* files_list.c in Sources */ = {isa = PBXBuildFile; fileRef = 99700CCD20DD752B00E8C48B /* files_list.c */; };
		A996985520DC6B06006F6CFB /* garflop.c in Sources */ = {isa = PBXBuildFile; fileRef = A996985420DC6B06006F6CFB /* garflop.c */; };
/* End PBXBuildFile section */

/* Begin PBXCopyFilesBuildPhase section */
		A996984F20DC6B06006F6CFB /* CopyFiles */ = {
			isa = PBXCopyFilesBuildPhase;
			buildActionMask = 2147483647;
			dstPath = /usr/share/man/man1/;
			dstSubfolderSpec = 0;
			files = (
			);
			runOnlyForDeploymentPostprocessing = 1;
		};
/* End PBXCopyFilesBuildPhase section */

/* Begin PBXFileReference section */
		99700CCA20DD30E300E8C48B /* settings_list.c */ = {isa = PBXFileReference; lastKnownFileType = sourcecode.c.c; path = settings_list.c; sourceTree = "<group>"; };
		99700CCB20DD30E300E8C48B /* settings_list.h */ = {isa = PBXFileReference; lastKnownFileType = sourcecode.c.h; path = settings_list.h; sourceTree = "<group>"; };
		99700CCD20DD752B00E8C48B /* files_list.c */ = {isa = PBXFileReference; lastKnownFileType = sourcecode.c.c; path = files_list.c; sourceTree = "<group>"; };
		99700CCE20DD752B00E8C48B /* files_list.h */ = {isa = PBXFileReference; lastKnownFileType = sourcecode.c.h; path = files_list.h; sourceTree = "<group>"; };
		A996985120DC6B06006F6CFB /* GarFlop */ = {isa = PBXFileReference; explicitFileType = "compiled.mach-o.executable"; includeInIndex = 0; path = GarFlop; sourceTree = BUILT_PRODUCTS_DIR; };
		A996985420DC6B06006F6CFB /* garflop.c */ = {isa = PBXFileReference; lastKnownFileType = sourcecode.c.c; path = garflop.c; sourceTree = "<group>"; };
/* End PBXFileReference section */

/* Begin PBXFrameworksBuildPhase section */
		A996984E20DC6B06006F6CFB /* Frameworks */ = {
			isa = PBXFrameworksBuildPhase;
			buildActionMask = 2147483647;
			files = (
			);
			runOnlyForDeploymentPostprocessing = 0;
		};
/* End PBXFrameworksBuildPhase section */

/* Begin PBXGroup section */
		A996984820DC6B06006F6CFB = {
			isa = PBXGroup;
			children = (
				A996985320DC6B06006F6CFB /* GarFlop */,
				A996985220DC6B06006F6CFB /* Products */,
			);
			sourceTree = "<group>";
		};
		A996985220DC6B06006F6CFB /* Products */ = {
			isa = PBXGroup;
			children = (
				A996985120DC6B06006F6CFB /* GarFlop */,
			);
			name = Products;
			sourceTree = "<group>";
		};
		A996985320DC6B06006F6CFB /* GarFlop */ = {
			isa = PBXGroup;
			children = (
				A996985420DC6B06006F6CFB /* garflop.c */,
				99700CCB20DD30E300E8C48B /* settings_list.h */,
				99700CCA20DD30E300E8C48B /* settings_list.c */,
				99700CCE20DD752B00E8C48B /* files_list.h */,
				99700CCD20DD752B00E8C48B /* files_list.c */,
			);
			path = GarFlop;
			sourceTree = "<group>";
		};
/* End PBXGroup section */

/* Begin PBXNativeTarget section */
		A996985020DC6B06006F6CFB /* GarFlop */ = {
			isa = PBXNativeTarget;
			buildConfigurationList = A996985820DC6B06006F6CFB /* Build configuration list for PBXNativeTarget "GarFlop" */;
			buildPhases = (
				A996984D20DC6B06006F6CFB /* Sources */,
				A996984E20DC6B06006F6CFB /* Frameworks */,
				A996984F20DC6B06006F6CFB /* CopyFiles */,
			);
			buildRules = (
			);
			dependencies = (
			);
			name = GarFlop;
			productName = GarFlop;
			productReference = A996985120DC6B06006F6CFB /* GarFlop */;
			productType = "com.apple.product-type.tool";
		};
/* End PBXNativeTarget section */

/* Begin PBXProject section */
		A996984920DC6B06006F6CFB /* Project object */ = {
			isa = PBXProject;
			attributes = {
				LastUpgradeCheck = 0940;
				ORGANIZATIONNAME = "Mark McDonald";
				TargetAttributes = {
					A996985020DC6B06006F6CFB = {
						CreatedOnToolsVersion = 9.4.1;
					};
				};
			};
			buildConfigurationList = A996984C20DC6B06006F6CFB /* Build configuration list for PBXProject "GarFlop" */;
			compatibilityVersion = "Xcode 9.3";
			developmentRegion = en;
			hasScannedForEncodings = 0;
			knownRegions = (
				en,
			);
			mainGroup = A996984820DC6B06006F6CFB;
			productRefGroup = A996985220DC6B06006F6CFB /* Products */;
			projectDirPath = "";
			projectRoot = "";
			targets = (
				A996985020DC6B06006F6CFB /* GarFlop */,
			);
		};
/* End PBXProject section */

/* Begin PBXSourcesBuildPhase section */
		A996984D20DC6B06006F6CFB /* Sources */ = {
			isa = PBXSourcesBuildPhase;
			buildActionMask = 2147483647;
			files = (
				99700CCC20DD30E300E8C48B /* settings_list.c in Sources */,
				A996985520DC6B06006F6CFB /* garflop.c in Sources */,
				99700CCF20DD752B00E8C48B /* files_list.c in Sources */,
			);
			runOnlyForDeploymentPostprocessing = 0;
		};
/* End PBXSourcesBuildPhase section */

/* Begin XCBuildConfiguration section */
		A996985620DC6B06006F6CFB /* Debug */ = {
			isa = XCBuildConfiguration;
			buildSettings = {
				ALWAYS_SEARCH_USER_PATHS = NO;
				CLANG_ANALYZER_NONNULL = YES;
				CLANG_ANALYZER_NUMBER_OBJECT_CONVERSION = YES_AGGRESSIVE;
				CLANG_CXX_LANGUAGE_STANDARD = "gnu++14";
				CLANG_CXX_LIBRARY = "libc++";
				CLANG_ENABLE_MODULES = YES;
				CLANG_ENABLE_OBJC_ARC = YES;
				CLANG_ENABLE_OBJC_WEAK = YES;
				CLANG_WARN_BLOCK_CAPTURE_AUTORELEASING = YES;
				CLANG_WARN_BOOL_CONVERSION = YES;
				CLANG_WARN_COMMA = YES;
				CLANG_WARN_CONSTANT_CONVERSION = YES;
				CLANG_WARN_DEPRECATED_OBJC_IMPLEMENTATIONS = YES;
				CLANG_WARN_DIRECT_OBJC_ISA_USAGE = YES_ERROR;
				CLANG_WARN_DOCUMENTATION_COMMENTS = YES;
				CLANG_WARN_EMPTY_BODY = YES;
				CLANG_WARN_ENUM_CONVERSION = YES;
				CLANG_WARN_INFINITE_RECURSION = YES;
				CLANG_WARN_INT_CONVERSION = YES;
				CLANG_WARN_NON_LITERAL_NULL_CONVERSION = YES;
				CLANG_WARN_OBJC_IMPLICIT_RETAIN_SELF = YES;
				CLANG_WARN_OBJC_LITERAL_CONVERSION = YES;
				CLANG_WARN_OBJC_ROOT_CLASS = YES_ERROR;
				CLANG_WARN_RANGE_LOOP_ANALYSIS = YES;
				CLANG_WARN_STRICT_PROTOTYPES = YES;
				CLANG_WARN_SUSPICIOUS_MOVE = YES;
				CLANG_WARN_UNGUARDED_AVAILABILITY = YES_AGGRESSIVE;
				CLANG_WARN_UNREACHABLE_CODE = YES;
				CLANG_WARN__DUPLICATE_METHOD_MATCH = YES;
				CODE_SIGN_IDENTITY = "-";
				COPY_PHASE_STRIP = NO;
				DEBUG_INFORMATION_FORMAT = dwarf;
				ENABLE_STRICT_OBJC_MSGSEND = YES;
				ENABLE_TESTABILITY = YES;
				GCC_C_LANGUAGE_STANDARD = gnu11;
				GCC_DYNAMIC_NO_PIC = NO;
				GCC_NO_COMMON_BLOCKS = YES;
				GCC_OPTIMIZATION_LEVEL = 0;
				GCC_PREPROCESSOR_DEFINITIONS = (
					"DEBUG=1",
					"$(inherited)",
				);
				GCC_WARN_64_TO_32_BIT_CONVERSION = YES;
				GCC_WARN_ABOUT_RETURN_TYPE = YES_ERROR;
				GCC_WARN_UNDECLARED_SELECTOR = YES;
				GCC_WARN_UNINITIALIZED_AUTOS = YES_AGGRESSIVE;
				GCC_WARN_UNUSED_FUNCTION = YES;
				GCC_WARN_UNUSED_VARIABLE = YES;
				MACOSX_DEPLOYMENT_TARGET = 10.13;
				MTL_ENABLE_DEBUG_INFO = YES;
				ONLY_ACTIVE_ARCH = YES;
				SDKROOT = macosx;
			};
			name = Debug;
		};
		A996985720DC6B06006F6CFB /* Release */ = {
			isa = XCBuildConfiguration;
			buildSettings = {
				ALWAYS_SEARCH_USER_PATHS = NO;
				CLANG_ANALYZER_NONNULL = YES;
				CLANG_ANALYZER_NUMBER_OBJECT_CONVERSION = YES_AGGRESSIVE;
				CLANG_CXX_LANGUAGE_STANDARD = "gnu++14";
				CLANG_CXX_LIBRARY = "libc++";
				CLANG_ENABLE_MODULES = YES;
				CLANG_ENABLE_OBJC_ARC = YES;
				CLANG_ENABLE_OBJC_WEAK = YES;
				CLANG_WARN_BLOCK_CAPTURE_AUTORELEASING = YES;
				CLANG_WARN_BOOL_CONVERSION = YES;
				CLANG_WARN_COMMA = YES;
				CLANG_WARN_CONSTANT_CONVERSION = YES;
				CLANG_WARN_DEPRECATED_OBJC_IMPLEMENTATIONS = YES;
				CLANG_WARN_DIRECT_OBJC_ISA_USAGE = YES_ERROR;
				CLANG_WARN_DOCUMENTATION_COMMENTS = YES;
				CLANG_WARN_EMPTY_BODY = YES;
				CLANG_WARN_ENUM_CONVERSION = YES;
				CLANG_WARN_INFINITE_RECURSION = YES;
				CLANG_WARN_INT_CONVERSION = YES;
				CLANG_WARN_NON_LITERAL_NULL_CONVERSION = YES;
				CLANG_WARN_OBJC_IMPLICIT_RETAIN_SELF = YES;
				CLANG_WARN_OBJC_LITERAL_CONVERSION = YES;
				CLANG_WARN_OBJC_ROOT_CLASS = YES_ERROR;
				CLANG_WARN_RANGE_LOOP_ANALYSIS = YES;
				CLANG_WARN_STRICT_PROTOTYPES = YES;
				CLANG_WARN_SUSPICIOUS_MOVE = YES;
				CLANG_WARN_UNGUARDED_AVAILABILITY = YES_AGGRESSIVE;
				CLANG_WARN_UNREACHABLE_CODE = YES;
				CLANG_WARN__DUPLICATE_METHOD_MATCH = YES;
				CODE_SIGN_IDENTITY = "-";
				COPY_PHASE_STRIP = NO;
				DEBUG_INFORMATION_FORMAT = "dwarf-with-dsym";
				ENABLE_NS_ASSERTIONS = NO;
				ENABLE_STRICT_OBJC_MSGSEND = YES;
				GCC_C_LANGUAGE_STANDARD = gnu11;
				GCC_NO_COMMON_BLOCKS = YES;
				GCC_WARN_64_TO_32_BIT_CONVERSION = YES;
				GCC_WARN_ABOUT_RETURN_TYPE = YES_ERROR;
				GCC_WARN_UNDECLARED_SELECTOR = YES;
				GCC_WARN_UNINITIALIZED_AUTOS = YES_AGGRESSIVE;
				GCC_WARN_UNUSED_FUNCTION = YES;
				GCC_WARN_UNUSED_VARIABLE = YES;
				MACOSX_DEPLOYMENT_TARGET = 10.13;
				MTL_ENABLE_DEBUG_INFO = NO;
				SDKROOT = macosx;
			};
			name = Release;
		};
		A996985920DC6B06006F6CFB /* Debug */ = {
			isa = XCBuildConfiguration;
			buildSettings = {
				CODE_SIGN_STYLE = Automatic;
				PRODUCT_NAME = "$(TARGET_NAME)";
			};
			name = Debug;
		};
		A996985A20DC6B06006F6CFB /* Release */ = {
			isa = XCBuildConfiguration;
			buildSettings = {
				CODE_SIGN_STYLE = Automatic;
				PRODUCT_NAME = "$(TARGET_NAME)";
			};
			name = Release;
		};
/* End XCBuildConfiguration section */

/* Begin XCConfigurationList section */
		A996984C20DC6B06006F6CFB /* Build configuration list for PBXProject "GarFlop" */ = {
			isa = XCConfigurationList;
			buildConfigurations = (
				A996985620DC6B06006F6CFB /* Debug */,
				A996985720DC6B06006F6CFB /* Release */,
			);
			defaultConfigurationIsVisible = 0;
			defaultConfigurationName = Release;
		};
		A996985820DC6B06006F6CFB /* Build configuration list for PBXNativeTarget "GarFlop" */ = {
			isa = XCConfigurationList;
			buildConfigurations = (
				A996985920DC6B06006F6CFB /* Debug */,
				A996985A20DC6B06006F6CFB /* Release */,
			);
			defaultConfigurationIsVisible = 0;
			defaultConfigurationName = Release;
		};
/* End XCConfigurationList section */
	};
	rootObject = A996984920DC6B06006F6CFB /* Project object */;
}
